Microsoft Visual Studio Solution File, Format Version 12.00
# Visual Studio 15
VisualStudioVersion = 15.0.26228.9
MinimumVisualStudioVersion = 10.0.40219.1

Project("{2150E333-8FDC-42A3-9474-1A3956D46DE8}") = "_Basic", "_Basic", "{4D7AA6CE-9187-4A04-B3DE-765EB9F4E96F}"
EndProject
Project("{2150E333-8FDC-42A3-9474-1A3956D46DE8}") = "Features", "Features", "{D202C0F3-9360-4550-A804-C407B157306D}"
EndProject
Project("{F184B08F-C81C-45F6-A57F-5ABD9991F28F}") = "BasicDemo", "BasicDemo\BasicDemo.vbproj", "{0D345205-C8B8-4A2D-8C96-EE9FFB53B395}"
EndProject
Project("{F184B08F-C81C-45F6-A57F-5ABD9991F28F}") = "AdvantageDemo", "AdvantageDemo\AdvantageDemo.vbproj", "{AD088BE1-A350-46F9-A755-B6C5D21CAEAF}"
EndProject
Project("{2150E333-8FDC-42A3-9474-1A3956D46DE8}") = "Database servers", "Database servers", "{CDD03FB7-DB58-4E52-940B-7770EC5723F1}"
EndProject
Project("{F184B08F-C81C-45F6-A57F-5ABD9991F28F}") = "AlternateNames", "AlternateNames\AlternateNames.vbproj", "{647D3673-8609-4A59-A2FF-4FEB70B9C122}"
EndProject
Project("{F184B08F-C81C-45F6-A57F-5ABD9991F28F}") = "AppendCriteriaStringDemo", "AppendCriteriaStringDemo\AppendCriteriaStringDemo.vbproj", "{0F95A9A8-8D0E-4154-9EC3-C3A4DD6A9216}"
EndProject
Project("{F184B08F-C81C-45F6-A57F-5ABD9991F28F}") = "CustomColumnsDemo", "CustomColumnsDemo\CustomColumnsDemo.vbproj", "{56B7DABE-1202-472B-B455-2B80BE5FF0FC}"
EndProject
Project("{F184B08F-C81C-45F6-A57F-5ABD9991F28F}") = "CustomExpressionBuilder", "CustomExpressionBuilder\CustomExpressionBuilder.vbproj", "{82C55E12-3468-44D1-818B-B122DF17A0F4}"
EndProject
Project("{F184B08F-C81C-45F6-A57F-5ABD9991F28F}") = "DatasourceFieldsLinkingDragnDropDemo", "DatasourceFieldsLinkingDragnDropDemo\DatasourceFieldsLinkingDragnDropDemo.vbproj", "{41473E02-883D-4376-A147-25121CB30B31}"
EndProject
Project("{F184B08F-C81C-45F6-A57F-5ABD9991F28F}") = "DB2demo", "DB2demo\DB2demo.vbproj", "{7B622B85-9B93-439D-965F-55041C210F21}"
EndProject
Project("{F184B08F-C81C-45F6-A57F-5ABD9991F28F}") = "DragDropDemo", "DragDropDemo\DragDropDemo.vbproj", "{CD1862B9-0ED6-4651-B871-1052E30FED45}"
EndProject
Project("{F184B08F-C81C-45F6-A57F-5ABD9991F28F}") = "FirebirdDemo", "FirebirdDemo\FirebirdDemo.vbproj", "{EC835DE1-47C7-4B08-BADB-02B47900723A}"
EndProject
Project("{F184B08F-C81C-45F6-A57F-5ABD9991F28F}") = "FullFeaturedDemo", "FullFeaturedDemo\FullFeaturedDemo.vbproj", "{8E69EDB0-FE26-413B-8FAF-4CD93F83AA6A}"
EndProject
Project("{F184B08F-C81C-45F6-A57F-5ABD9991F28F}") = "FullFeaturedMdiDemo", "FullFeaturedMdiDemo\FullFeaturedMdiDemo.vbproj", "{8E830DAF-40CA-4836-B000-719639C64BC2}"
EndProject
Project("{F184B08F-C81C-45F6-A57F-5ABD9991F28F}") = "InformixDemo", "InformixDemo\InformixDemo.vbproj", "{2DE8F7A5-AEEA-4780-983C-169E82979958}"
EndProject
Project("{F184B08F-C81C-45F6-A57F-5ABD9991F28F}") = "InterfaceCustomizationDemo", "InterfaceCustomizationDemo\InterfaceCustomizationDemo.vbproj", "{D66093AC-3145-4544-A684-F1168C8BBF7D}"
EndProject
Project("{F184B08F-C81C-45F6-A57F-5ABD9991F28F}") = "LoadMetadataAsync", "LoadMetadataAsync\LoadMetadataAsync.vbproj", "{755B7D67-1CD3-4E74-9E23-46F6756DF943}"
EndProject
Project("{F184B08F-C81C-45F6-A57F-5ABD9991F28F}") = "LoadMetadataDemo", "LoadMetadataDemo\LoadMetadataDemo.vbproj", "{D3665D71-9809-43F2-B865-D5380B5865D5}"
EndProject
Project("{F184B08F-C81C-45F6-A57F-5ABD9991F28F}") = "MetadataStructureDemo", "MetadataStructureDemo\MetadataStructureDemo.vbproj", "{13D6D3F4-6D84-4BE9-88B3-934AB84E038D}"
EndProject
Project("{F184B08F-C81C-45F6-A57F-5ABD9991F28F}") = "MySQLdemo", "MySQLdemo\MySQLdemo.vbproj", "{40AA339B-8EC5-4347-A81A-FC18F0A75636}"
EndProject
Project("{F184B08F-C81C-45F6-A57F-5ABD9991F28F}") = "PanesVisibilityDemo", "PanesVisibilityDemo\PanesVisibilityDemo.vbproj", "{E47273F2-B1C2-4FA1-9F0C-4E192E048BA2}"
EndProject
Project("{F184B08F-C81C-45F6-A57F-5ABD9991F28F}") = "PostgreSQLDemo", "PostgreSQLDemo\PostgreSQLDemo.vbproj", "{919EEDFC-2211-491E-8CE0-79C42E39CC08}"
EndProject
Project("{F184B08F-C81C-45F6-A57F-5ABD9991F28F}") = "QueryCreationDemo", "QueryCreationDemo\QueryCreationDemo.vbproj", "{5FE965F6-6E47-4D94-9A9E-7B0E3C586422}"
EndProject
Project("{F184B08F-C81C-45F6-A57F-5ABD9991F28F}") = "QueryModificationDemo", "QueryModificationDemo\QueryModificationDemo.vbproj", "{5266726A-2A26-421A-8BDC-4C77B44E6EB1}"
EndProject
Project("{F184B08F-C81C-45F6-A57F-5ABD9991F28F}") = "QueryStructureDemo", "QueryStructureDemo\QueryStructureDemo.vbproj", "{B569A636-7389-46D8-B81C-50B9C20981C3}"
EndProject
Project("{F184B08F-C81C-45F6-A57F-5ABD9991F28F}") = "QueryTransformerDemo", "QueryTransformerDemo\QueryTransformerDemo.vbproj", "{83816E03-BA5C-4B19-8D40-3EC485AEF15E}"
EndProject
Project("{F184B08F-C81C-45F6-A57F-5ABD9991F28F}") = "QueryUIEventsDemo", "QueryUIEventsDemo\QueryUIEventsDemo.vbproj", "{0125FB9C-D8F5-4A79-9215-03A9FD72B25D}"
EndProject
Project("{F184B08F-C81C-45F6-A57F-5ABD9991F28F}") = "SeparatedComponents", "SeparatedComponents\SeparatedComponents.vbproj", "{9EFEAD93-E0FE-4B87-98F0-4B159ACD62E2}"
EndProject
Project("{F184B08F-C81C-45F6-A57F-5ABD9991F28F}") = "SubQueryResultsPreview", "SubQueryResultsPreview\SubQueryResultsPreview.vbproj", "{C615FF53-41EC-41E4-AA16-70AB0A0CC211}"
EndProject
Project("{F184B08F-C81C-45F6-A57F-5ABD9991F28F}") = "SybaseDemo", "SybaseDemo\SybaseDemo.vbproj", "{09200534-F36D-4C60-8725-26DC920F1206}"
EndProject
Project("{F184B08F-C81C-45F6-A57F-5ABD9991F28F}") = "VirtualObjectsAndFields", "VirtualObjectsAndFields\VirtualObjectsAndFields.vbproj", "{DCB1C3CB-FB47-4382-B1B4-C5622971223A}"
EndProject
Project("{F184B08F-C81C-45F6-A57F-5ABD9991F28F}") = "VistaDB5demo", "VistaDB5demo\VistaDB5demo.vbproj", "{804C8C10-730F-4FB3-941B-CD431F489442}"
EndProject
Global
	GlobalSection(SolutionConfigurationPlatforms) = preSolution
		Debug|Any CPU = Debug|Any CPU
		Release|Any CPU = Release|Any CPU
	EndGlobalSection
	GlobalSection(ProjectConfigurationPlatforms) = postSolution
{0D345205-C8B8-4A2D-8C96-EE9FFB53B395}.Debug|Any CPU.ActiveCfg = Debug|Any CPU
{0D345205-C8B8-4A2D-8C96-EE9FFB53B395}.Debug|Any CPU.Build.0 = Debug|Any CPU
{0D345205-C8B8-4A2D-8C96-EE9FFB53B395}.Release|Any CPU.ActiveCfg = Release|Any CPU
{0D345205-C8B8-4A2D-8C96-EE9FFB53B395}.Release|Any CPU.Build.0 = Release|Any CPU

{AD088BE1-A350-46F9-A755-B6C5D21CAEAF}.Debug|Any CPU.ActiveCfg = Debug|Any CPU
{AD088BE1-A350-46F9-A755-B6C5D21CAEAF}.Debug|Any CPU.Build.0 = Debug|Any CPU
{AD088BE1-A350-46F9-A755-B6C5D21CAEAF}.Release|Any CPU.ActiveCfg = Release|Any CPU
{AD088BE1-A350-46F9-A755-B6C5D21CAEAF}.Release|Any CPU.Build.0 = Release|Any CPU

{647D3673-8609-4A59-A2FF-4FEB70B9C122}.Debug|Any CPU.ActiveCfg = Debug|Any CPU
{647D3673-8609-4A59-A2FF-4FEB70B9C122}.Debug|Any CPU.Build.0 = Debug|Any CPU
{647D3673-8609-4A59-A2FF-4FEB70B9C122}.Release|Any CPU.ActiveCfg = Release|Any CPU
{647D3673-8609-4A59-A2FF-4FEB70B9C122}.Release|Any CPU.Build.0 = Release|Any CPU

{0F95A9A8-8D0E-4154-9EC3-C3A4DD6A9216}.Debug|Any CPU.ActiveCfg = Debug|Any CPU
{0F95A9A8-8D0E-4154-9EC3-C3A4DD6A9216}.Debug|Any CPU.Build.0 = Debug|Any CPU
{0F95A9A8-8D0E-4154-9EC3-C3A4DD6A9216}.Release|Any CPU.ActiveCfg = Release|Any CPU
{0F95A9A8-8D0E-4154-9EC3-C3A4DD6A9216}.Release|Any CPU.Build.0 = Release|Any CPU

{56B7DABE-1202-472B-B455-2B80BE5FF0FC}.Debug|Any CPU.ActiveCfg = Debug|Any CPU
{56B7DABE-1202-472B-B455-2B80BE5FF0FC}.Debug|Any CPU.Build.0 = Debug|Any CPU
{56B7DABE-1202-472B-B455-2B80BE5FF0FC}.Release|Any CPU.ActiveCfg = Release|Any CPU
{56B7DABE-1202-472B-B455-2B80BE5FF0FC}.Release|Any CPU.Build.0 = Release|Any CPU

{82C55E12-3468-44D1-818B-B122DF17A0F4}.Debug|Any CPU.ActiveCfg = Debug|Any CPU
{82C55E12-3468-44D1-818B-B122DF17A0F4}.Debug|Any CPU.Build.0 = Debug|Any CPU
{82C55E12-3468-44D1-818B-B122DF17A0F4}.Release|Any CPU.ActiveCfg = Release|Any CPU
{82C55E12-3468-44D1-818B-B122DF17A0F4}.Release|Any CPU.Build.0 = Release|Any CPU

{41473E02-883D-4376-A147-25121CB30B31}.Debug|Any CPU.ActiveCfg = Debug|Any CPU
{41473E02-883D-4376-A147-25121CB30B31}.Debug|Any CPU.Build.0 = Debug|Any CPU
{41473E02-883D-4376-A147-25121CB30B31}.Release|Any CPU.ActiveCfg = Release|Any CPU
{41473E02-883D-4376-A147-25121CB30B31}.Release|Any CPU.Build.0 = Release|Any CPU

{7B622B85-9B93-439D-965F-55041C210F21}.Debug|Any CPU.ActiveCfg = Debug|Any CPU
{7B622B85-9B93-439D-965F-55041C210F21}.Debug|Any CPU.Build.0 = Debug|Any CPU
{7B622B85-9B93-439D-965F-55041C210F21}.Release|Any CPU.ActiveCfg = Release|Any CPU
{7B622B85-9B93-439D-965F-55041C210F21}.Release|Any CPU.Build.0 = Release|Any CPU

{CD1862B9-0ED6-4651-B871-1052E30FED45}.Debug|Any CPU.ActiveCfg = Debug|Any CPU
{CD1862B9-0ED6-4651-B871-1052E30FED45}.Debug|Any CPU.Build.0 = Debug|Any CPU
{CD1862B9-0ED6-4651-B871-1052E30FED45}.Release|Any CPU.ActiveCfg = Release|Any CPU
{CD1862B9-0ED6-4651-B871-1052E30FED45}.Release|Any CPU.Build.0 = Release|Any CPU

{EC835DE1-47C7-4B08-BADB-02B47900723A}.Debug|Any CPU.ActiveCfg = Debug|Any CPU
{EC835DE1-47C7-4B08-BADB-02B47900723A}.Debug|Any CPU.Build.0 = Debug|Any CPU
{EC835DE1-47C7-4B08-BADB-02B47900723A}.Release|Any CPU.ActiveCfg = Release|Any CPU
{EC835DE1-47C7-4B08-BADB-02B47900723A}.Release|Any CPU.Build.0 = Release|Any CPU

{8E69EDB0-FE26-413B-8FAF-4CD93F83AA6A}.Debug|Any CPU.ActiveCfg = Debug|Any CPU
{8E69EDB0-FE26-413B-8FAF-4CD93F83AA6A}.Debug|Any CPU.Build.0 = Debug|Any CPU
{8E69EDB0-FE26-413B-8FAF-4CD93F83AA6A}.Release|Any CPU.ActiveCfg = Release|Any CPU
{8E69EDB0-FE26-413B-8FAF-4CD93F83AA6A}.Release|Any CPU.Build.0 = Release|Any CPU

{8E830DAF-40CA-4836-B000-719639C64BC2}.Debug|Any CPU.ActiveCfg = Debug|Any CPU
{8E830DAF-40CA-4836-B000-719639C64BC2}.Debug|Any CPU.Build.0 = Debug|Any CPU
{8E830DAF-40CA-4836-B000-719639C64BC2}.Release|Any CPU.ActiveCfg = Release|Any CPU
{8E830DAF-40CA-4836-B000-719639C64BC2}.Release|Any CPU.Build.0 = Release|Any CPU

{2DE8F7A5-AEEA-4780-983C-169E82979958}.Debug|Any CPU.ActiveCfg = Debug|Any CPU
{2DE8F7A5-AEEA-4780-983C-169E82979958}.Debug|Any CPU.Build.0 = Debug|Any CPU
{2DE8F7A5-AEEA-4780-983C-169E82979958}.Release|Any CPU.ActiveCfg = Release|Any CPU
{2DE8F7A5-AEEA-4780-983C-169E82979958}.Release|Any CPU.Build.0 = Release|Any CPU

{D66093AC-3145-4544-A684-F1168C8BBF7D}.Debug|Any CPU.ActiveCfg = Debug|Any CPU
{D66093AC-3145-4544-A684-F1168C8BBF7D}.Debug|Any CPU.Build.0 = Debug|Any CPU
{D66093AC-3145-4544-A684-F1168C8BBF7D}.Release|Any CPU.ActiveCfg = Release|Any CPU
{D66093AC-3145-4544-A684-F1168C8BBF7D}.Release|Any CPU.Build.0 = Release|Any CPU

{755B7D67-1CD3-4E74-9E23-46F6756DF943}.Debug|Any CPU.ActiveCfg = Debug|Any CPU
{755B7D67-1CD3-4E74-9E23-46F6756DF943}.Debug|Any CPU.Build.0 = Debug|Any CPU
{755B7D67-1CD3-4E74-9E23-46F6756DF943}.Release|Any CPU.ActiveCfg = Release|Any CPU
{755B7D67-1CD3-4E74-9E23-46F6756DF943}.Release|Any CPU.Build.0 = Release|Any CPU

{D3665D71-9809-43F2-B865-D5380B5865D5}.Debug|Any CPU.ActiveCfg = Debug|Any CPU
{D3665D71-9809-43F2-B865-D5380B5865D5}.Debug|Any CPU.Build.0 = Debug|Any CPU
{D3665D71-9809-43F2-B865-D5380B5865D5}.Release|Any CPU.ActiveCfg = Release|Any CPU
{D3665D71-9809-43F2-B865-D5380B5865D5}.Release|Any CPU.Build.0 = Release|Any CPU

{13D6D3F4-6D84-4BE9-88B3-934AB84E038D}.Debug|Any CPU.ActiveCfg = Debug|Any CPU
{13D6D3F4-6D84-4BE9-88B3-934AB84E038D}.Debug|Any CPU.Build.0 = Debug|Any CPU
{13D6D3F4-6D84-4BE9-88B3-934AB84E038D}.Release|Any CPU.ActiveCfg = Release|Any CPU
{13D6D3F4-6D84-4BE9-88B3-934AB84E038D}.Release|Any CPU.Build.0 = Release|Any CPU

{40AA339B-8EC5-4347-A81A-FC18F0A75636}.Debug|Any CPU.ActiveCfg = Debug|Any CPU
{40AA339B-8EC5-4347-A81A-FC18F0A75636}.Debug|Any CPU.Build.0 = Debug|Any CPU
{40AA339B-8EC5-4347-A81A-FC18F0A75636}.Release|Any CPU.ActiveCfg = Release|Any CPU
{40AA339B-8EC5-4347-A81A-FC18F0A75636}.Release|Any CPU.Build.0 = Release|Any CPU

{E47273F2-B1C2-4FA1-9F0C-4E192E048BA2}.Debug|Any CPU.ActiveCfg = Debug|Any CPU
{E47273F2-B1C2-4FA1-9F0C-4E192E048BA2}.Debug|Any CPU.Build.0 = Debug|Any CPU
{E47273F2-B1C2-4FA1-9F0C-4E192E048BA2}.Release|Any CPU.ActiveCfg = Release|Any CPU
{E47273F2-B1C2-4FA1-9F0C-4E192E048BA2}.Release|Any CPU.Build.0 = Release|Any CPU

{919EEDFC-2211-491E-8CE0-79C42E39CC08}.Debug|Any CPU.ActiveCfg = Debug|Any CPU
{919EEDFC-2211-491E-8CE0-79C42E39CC08}.Debug|Any CPU.Build.0 = Debug|Any CPU
{919EEDFC-2211-491E-8CE0-79C42E39CC08}.Release|Any CPU.ActiveCfg = Release|Any CPU
{919EEDFC-2211-491E-8CE0-79C42E39CC08}.Release|Any CPU.Build.0 = Release|Any CPU

{5FE965F6-6E47-4D94-9A9E-7B0E3C586422}.Debug|Any CPU.ActiveCfg = Debug|Any CPU
{5FE965F6-6E47-4D94-9A9E-7B0E3C586422}.Debug|Any CPU.Build.0 = Debug|Any CPU
{5FE965F6-6E47-4D94-9A9E-7B0E3C586422}.Release|Any CPU.ActiveCfg = Release|Any CPU
{5FE965F6-6E47-4D94-9A9E-7B0E3C586422}.Release|Any CPU.Build.0 = Release|Any CPU

{5266726A-2A26-421A-8BDC-4C77B44E6EB1}.Debug|Any CPU.ActiveCfg = Debug|Any CPU
{5266726A-2A26-421A-8BDC-4C77B44E6EB1}.Debug|Any CPU.Build.0 = Debug|Any CPU
{5266726A-2A26-421A-8BDC-4C77B44E6EB1}.Release|Any CPU.ActiveCfg = Release|Any CPU
{5266726A-2A26-421A-8BDC-4C77B44E6EB1}.Release|Any CPU.Build.0 = Release|Any CPU

{B569A636-7389-46D8-B81C-50B9C20981C3}.Debug|Any CPU.ActiveCfg = Debug|Any CPU
{B569A636-7389-46D8-B81C-50B9C20981C3}.Debug|Any CPU.Build.0 = Debug|Any CPU
{B569A636-7389-46D8-B81C-50B9C20981C3}.Release|Any CPU.ActiveCfg = Release|Any CPU
{B569A636-7389-46D8-B81C-50B9C20981C3}.Release|Any CPU.Build.0 = Release|Any CPU

{83816E03-BA5C-4B19-8D40-3EC485AEF15E}.Debug|Any CPU.ActiveCfg = Debug|Any CPU
{83816E03-BA5C-4B19-8D40-3EC485AEF15E}.Debug|Any CPU.Build.0 = Debug|Any CPU
{83816E03-BA5C-4B19-8D40-3EC485AEF15E}.Release|Any CPU.ActiveCfg = Release|Any CPU
{83816E03-BA5C-4B19-8D40-3EC485AEF15E}.Release|Any CPU.Build.0 = Release|Any CPU

{0125FB9C-D8F5-4A79-9215-03A9FD72B25D}.Debug|Any CPU.ActiveCfg = Debug|Any CPU
{0125FB9C-D8F5-4A79-9215-03A9FD72B25D}.Debug|Any CPU.Build.0 = Debug|Any CPU
{0125FB9C-D8F5-4A79-9215-03A9FD72B25D}.Release|Any CPU.ActiveCfg = Release|Any CPU
{0125FB9C-D8F5-4A79-9215-03A9FD72B25D}.Release|Any CPU.Build.0 = Release|Any CPU

{9EFEAD93-E0FE-4B87-98F0-4B159ACD62E2}.Debug|Any CPU.ActiveCfg = Debug|Any CPU
{9EFEAD93-E0FE-4B87-98F0-4B159ACD62E2}.Debug|Any CPU.Build.0 = Debug|Any CPU
{9EFEAD93-E0FE-4B87-98F0-4B159ACD62E2}.Release|Any CPU.ActiveCfg = Release|Any CPU
{9EFEAD93-E0FE-4B87-98F0-4B159ACD62E2}.Release|Any CPU.Build.0 = Release|Any CPU

{C615FF53-41EC-41E4-AA16-70AB0A0CC211}.Debug|Any CPU.ActiveCfg = Debug|Any CPU
{C615FF53-41EC-41E4-AA16-70AB0A0CC211}.Debug|Any CPU.Build.0 = Debug|Any CPU
{C615FF53-41EC-41E4-AA16-70AB0A0CC211}.Release|Any CPU.ActiveCfg = Release|Any CPU
{C615FF53-41EC-41E4-AA16-70AB0A0CC211}.Release|Any CPU.Build.0 = Release|Any CPU

{09200534-F36D-4C60-8725-26DC920F1206}.Debug|Any CPU.ActiveCfg = Debug|Any CPU
{09200534-F36D-4C60-8725-26DC920F1206}.Debug|Any CPU.Build.0 = Debug|Any CPU
{09200534-F36D-4C60-8725-26DC920F1206}.Release|Any CPU.ActiveCfg = Release|Any CPU
{09200534-F36D-4C60-8725-26DC920F1206}.Release|Any CPU.Build.0 = Release|Any CPU

{DCB1C3CB-FB47-4382-B1B4-C5622971223A}.Debug|Any CPU.ActiveCfg = Debug|Any CPU
{DCB1C3CB-FB47-4382-B1B4-C5622971223A}.Debug|Any CPU.Build.0 = Debug|Any CPU
{DCB1C3CB-FB47-4382-B1B4-C5622971223A}.Release|Any CPU.ActiveCfg = Release|Any CPU
{DCB1C3CB-FB47-4382-B1B4-C5622971223A}.Release|Any CPU.Build.0 = Release|Any CPU

{804C8C10-730F-4FB3-941B-CD431F489442}.Debug|Any CPU.ActiveCfg = Debug|Any CPU
{804C8C10-730F-4FB3-941B-CD431F489442}.Debug|Any CPU.Build.0 = Debug|Any CPU
{804C8C10-730F-4FB3-941B-CD431F489442}.Release|Any CPU.ActiveCfg = Release|Any CPU
{804C8C10-730F-4FB3-941B-CD431F489442}.Release|Any CPU.Build.0 = Release|Any CPU


	EndGlobalSection
	GlobalSection(SolutionProperties) = preSolution
		HideSolutionNode = FALSE
	EndGlobalSection
	GlobalSection(NestedProjects) = preSolution
{0D345205-C8B8-4A2D-8C96-EE9FFB53B395} = {4D7AA6CE-9187-4A04-B3DE-765EB9F4E96F}
{AD088BE1-A350-46F9-A755-B6C5D21CAEAF} = {CDD03FB7-DB58-4E52-940B-7770EC5723F1}
{647D3673-8609-4A59-A2FF-4FEB70B9C122} = {D202C0F3-9360-4550-A804-C407B157306D}
{0F95A9A8-8D0E-4154-9EC3-C3A4DD6A9216} = {D202C0F3-9360-4550-A804-C407B157306D}
{56B7DABE-1202-472B-B455-2B80BE5FF0FC} = {D202C0F3-9360-4550-A804-C407B157306D}
{82C55E12-3468-44D1-818B-B122DF17A0F4} = {D202C0F3-9360-4550-A804-C407B157306D}
{41473E02-883D-4376-A147-25121CB30B31} = {D202C0F3-9360-4550-A804-C407B157306D}
{7B622B85-9B93-439D-965F-55041C210F21} = {CDD03FB7-DB58-4E52-940B-7770EC5723F1}
{CD1862B9-0ED6-4651-B871-1052E30FED45} = {D202C0F3-9360-4550-A804-C407B157306D}
{EC835DE1-47C7-4B08-BADB-02B47900723A} = {CDD03FB7-DB58-4E52-940B-7770EC5723F1}
{8E69EDB0-FE26-413B-8FAF-4CD93F83AA6A} = {4D7AA6CE-9187-4A04-B3DE-765EB9F4E96F}
{8E830DAF-40CA-4836-B000-719639C64BC2} = {4D7AA6CE-9187-4A04-B3DE-765EB9F4E96F}
{2DE8F7A5-AEEA-4780-983C-169E82979958} = {CDD03FB7-DB58-4E52-940B-7770EC5723F1}
{D66093AC-3145-4544-A684-F1168C8BBF7D} = {D202C0F3-9360-4550-A804-C407B157306D}
{755B7D67-1CD3-4E74-9E23-46F6756DF943} = {D202C0F3-9360-4550-A804-C407B157306D}
{D3665D71-9809-43F2-B865-D5380B5865D5} = {D202C0F3-9360-4550-A804-C407B157306D}
{13D6D3F4-6D84-4BE9-88B3-934AB84E038D} = {D202C0F3-9360-4550-A804-C407B157306D}
{40AA339B-8EC5-4347-A81A-FC18F0A75636} = {CDD03FB7-DB58-4E52-940B-7770EC5723F1}
{E47273F2-B1C2-4FA1-9F0C-4E192E048BA2} = {D202C0F3-9360-4550-A804-C407B157306D}
{919EEDFC-2211-491E-8CE0-79C42E39CC08} = {CDD03FB7-DB58-4E52-940B-7770EC5723F1}
{5FE965F6-6E47-4D94-9A9E-7B0E3C586422} = {D202C0F3-9360-4550-A804-C407B157306D}
{5266726A-2A26-421A-8BDC-4C77B44E6EB1} = {D202C0F3-9360-4550-A804-C407B157306D}
{B569A636-7389-46D8-B81C-50B9C20981C3} = {D202C0F3-9360-4550-A804-C407B157306D}
{83816E03-BA5C-4B19-8D40-3EC485AEF15E} = {D202C0F3-9360-4550-A804-C407B157306D}
{0125FB9C-D8F5-4A79-9215-03A9FD72B25D} = {D202C0F3-9360-4550-A804-C407B157306D}
{9EFEAD93-E0FE-4B87-98F0-4B159ACD62E2} = {D202C0F3-9360-4550-A804-C407B157306D}
{C615FF53-41EC-41E4-AA16-70AB0A0CC211} = {D202C0F3-9360-4550-A804-C407B157306D}
{09200534-F36D-4C60-8725-26DC920F1206} = {CDD03FB7-DB58-4E52-940B-7770EC5723F1}
{DCB1C3CB-FB47-4382-B1B4-C5622971223A} = {D202C0F3-9360-4550-A804-C407B157306D}
{804C8C10-730F-4FB3-941B-CD431F489442} = {CDD03FB7-DB58-4E52-940B-7770EC5723F1}

	EndGlobalSection
EndGlobal

