
Microsoft Visual Studio Solution File, Format Version 12.00
# Visual Studio 15
VisualStudioVersion = 15.0.27004.2002
MinimumVisualStudioVersion = 10.0.40219.1
Project("{F184B08F-C81C-45F6-A57F-5ABD9991F28F}") = "GeneralDemo", "GeneralDemo.vbproj", "{0D345205-C8B8-4A2D-8C96-EE9FFB53B395}"
EndProject
Global
	GlobalSection(SolutionConfigurationPlatforms) = preSolution
		Debug|Any CPU = Debug|Any CPU
		Release|Any CPU = Release|Any CPU
	EndGlobalSection
	GlobalSection(ProjectConfigurationPlatforms) = postSolution
		{0D345205-C8B8-4A2D-8C96-EE9FFB53B395}.Debug|Any CPU.ActiveCfg = Debug|Any CPU
		{0D345205-C8B8-4A2D-8C96-EE9FFB53B395}.Debug|Any CPU.Build.0 = Debug|Any CPU
		{0D345205-C8B8-4A2D-8C96-EE9FFB53B395}.Release|Any CPU.ActiveCfg = Release|Any CPU
		{0D345205-C8B8-4A2D-8C96-EE9FFB53B395}.Release|Any CPU.Build.0 = Release|Any CPU
	EndGlobalSection
	GlobalSection(SolutionProperties) = preSolution
		HideSolutionNode = FALSE
	EndGlobalSection
	GlobalSection(ExtensibilityGlobals) = postSolution
		SolutionGuid = {1A48E7B0-6F64-46EF-AF0A-082E7BA1D65C}
	EndGlobalSection
EndGlobal
