Microsoft Visual Studio Solution File, Format Version 12.00
# Visual Studio 15
VisualStudioVersion = 15.0.27428.2015
MinimumVisualStudioVersion = 10.0.40219.1
Project("{F184B08F-C81C-45F6-A57F-5ABD9991F28F}") = "FirebirdDemo", "FirebirdDemo.vbproj", "{B321623F-92F9-4512-A4CC-BD12154C0FBA}"
EndProject
Project("{F184B08F-C81C-45F6-A57F-5ABD9991F28F}") = "GeneralAssembly", "..\GeneralAssembly\GeneralAssembly.vbproj", "{459A8DFB-6B43-4A5D-B6A0-D81B32C553ED}"
EndProject
Global
	GlobalSection(SolutionConfigurationPlatforms) = preSolution
		Debug|Any CPU = Debug|Any CPU
		Release|Any CPU = Release|Any CPU
	EndGlobalSection
	GlobalSection(ProjectConfigurationPlatforms) = postSolution
		{B321623F-92F9-4512-A4CC-BD12154C0FBA}.Debug|Any CPU.ActiveCfg = Debug|Any CPU
		{B321623F-92F9-4512-A4CC-BD12154C0FBA}.Debug|Any CPU.Build.0 = Debug|Any CPU
		{B321623F-92F9-4512-A4CC-BD12154C0FBA}.Release|Any CPU.ActiveCfg = Release|Any CPU
		{B321623F-92F9-4512-A4CC-BD12154C0FBA}.Release|Any CPU.Build.0 = Release|Any CPU
		{459A8DFB-6B43-4A5D-B6A0-D81B32C553ED}.Debug|Any CPU.ActiveCfg = Debug|Any CPU
		{459A8DFB-6B43-4A5D-B6A0-D81B32C553ED}.Debug|Any CPU.Build.0 = Debug|Any CPU
		{459A8DFB-6B43-4A5D-B6A0-D81B32C553ED}.Release|Any CPU.ActiveCfg = Release|Any CPU
		{459A8DFB-6B43-4A5D-B6A0-D81B32C553ED}.Release|Any CPU.Build.0 = Release|Any CPU
	EndGlobalSection
	GlobalSection(SolutionProperties) = preSolution
		HideSolutionNode = FALSE
	EndGlobalSection
	GlobalSection(ExtensibilityGlobals) = postSolution
		SolutionGuid = {4AD60E46-22A7-4EF6-8BCE-B319960D0C1E}
	EndGlobalSection
EndGlobal
