Microsoft Visual Studio Solution File, Format Version 12.00
# Visual Studio 15
VisualStudioVersion = 15.0.28307.705
MinimumVisualStudioVersion = 10.0.40219.1
Project("{F184B08F-C81C-45F6-A57F-5ABD9991F28F}") = "SeparatedComponents", "SeparatedComponents.vbproj", "{BD6C9569-B76C-459B-ADF1-DDF0E8288C63}"
EndProject
Project("{F184B08F-C81C-45F6-A57F-5ABD9991F28F}") = "GeneralAssembly_ext", "..\GeneralAssembly_ext\GeneralAssembly_ext.vbproj", "{459A8DFB-6B43-4A5D-B6A0-D81B32C553EE}"
EndProject
Global
	GlobalSection(SolutionConfigurationPlatforms) = preSolution
		Debug|Any CPU = Debug|Any CPU
		Release|Any CPU = Release|Any CPU
	EndGlobalSection
	GlobalSection(ProjectConfigurationPlatforms) = postSolution
		{BD6C9569-B76C-459B-ADF1-DDF0E8288C63}.Debug|Any CPU.ActiveCfg = Debug|Any CPU
		{BD6C9569-B76C-459B-ADF1-DDF0E8288C63}.Debug|Any CPU.Build.0 = Debug|Any CPU
		{BD6C9569-B76C-459B-ADF1-DDF0E8288C63}.Release|Any CPU.ActiveCfg = Release|Any CPU
		{BD6C9569-B76C-459B-ADF1-DDF0E8288C63}.Release|Any CPU.Build.0 = Release|Any CPU
		{459A8DFB-6B43-4A5D-B6A0-D81B32C553EE}.Debug|Any CPU.ActiveCfg = Debug|Any CPU
		{459A8DFB-6B43-4A5D-B6A0-D81B32C553EE}.Debug|Any CPU.Build.0 = Debug|Any CPU
		{459A8DFB-6B43-4A5D-B6A0-D81B32C553EE}.Release|Any CPU.ActiveCfg = Release|Any CPU
		{459A8DFB-6B43-4A5D-B6A0-D81B32C553EE}.Release|Any CPU.Build.0 = Release|Any CPU
	EndGlobalSection
	GlobalSection(SolutionProperties) = preSolution
		HideSolutionNode = FALSE
	EndGlobalSection
	GlobalSection(ExtensibilityGlobals) = postSolution
		SolutionGuid = {9613643F-37D4-48AF-9528-CBB84788B52A}
	EndGlobalSection
EndGlobal
