
Microsoft Visual Studio Solution File, Format Version 12.00
# Visual Studio Version 16
VisualStudioVersion = 16.0.29503.13
MinimumVisualStudioVersion = 10.0.40219.1
Project("{F184B08F-C81C-45F6-A57F-5ABD9991F28F}") = "GeneralAssembly", "GeneralAssembly.vbproj", "{459A8DFB-6B43-4A5D-B6A0-D81B32C553ED}"
EndProject
Global
	GlobalSection(SolutionConfigurationPlatforms) = preSolution
		Debug|Any CPU = Debug|Any CPU
		Release|Any CPU = Release|Any CPU
	EndGlobalSection
	GlobalSection(ProjectConfigurationPlatforms) = postSolution
		{459A8DFB-6B43-4A5D-B6A0-D81B32C553ED}.Debug|Any CPU.ActiveCfg = Debug|Any CPU
		{459A8DFB-6B43-4A5D-B6A0-D81B32C553ED}.Debug|Any CPU.Build.0 = Debug|Any CPU
		{459A8DFB-6B43-4A5D-B6A0-D81B32C553ED}.Release|Any CPU.ActiveCfg = Release|Any CPU
		{459A8DFB-6B43-4A5D-B6A0-D81B32C553ED}.Release|Any CPU.Build.0 = Release|Any CPU
	EndGlobalSection
	GlobalSection(SolutionProperties) = preSolution
		HideSolutionNode = FALSE
	EndGlobalSection
	GlobalSection(ExtensibilityGlobals) = postSolution
		SolutionGuid = {97F20CB8-32CF-4063-9FA7-546E5A93BD0E}
	EndGlobalSection
EndGlobal
