Microsoft Visual Studio Solution File, Format Version 11.00
# Visual Studio 2010
Project("{F184B08F-C81C-45F6-A57F-5ABD9991F28F}") = "AppendCriteriaStringDemo", "AppendCriteriaStringDemo.vbproj", "{A487FDCB-8EF1-4143-ACB6-531D60A556A9}"
EndProject
Global
	GlobalSection(SolutionConfigurationPlatforms) = preSolution
		Debug|Any CPU = Debug|Any CPU
		Release|Any CPU = Release|Any CPU
	EndGlobalSection
	GlobalSection(ProjectConfigurationPlatforms) = postSolution
		{A487FDCB-8EF1-4143-ACB6-531D60A556A9}.Debug|Any CPU.ActiveCfg = Debug|Any CPU
		{A487FDCB-8EF1-4143-ACB6-531D60A556A9}.Debug|Any CPU.Build.0 = Debug|Any CPU
		{A487FDCB-8EF1-4143-ACB6-531D60A556A9}.Release|Any CPU.ActiveCfg = Release|Any CPU
		{A487FDCB-8EF1-4143-ACB6-531D60A556A9}.Release|Any CPU.Build.0 = Release|Any CPU
	EndGlobalSection
	GlobalSection(SolutionProperties) = preSolution
		HideSolutionNode = FALSE
	EndGlobalSection
EndGlobal
